
Microsoft Visual Studio Solution File, Format Version 12.00
# Visual Studio Version 16
VisualStudioVersion = 16.0.29209.152
MinimumVisualStudioVersion = 10.0.40219.1
Project("{FAE04EC0-301F-11D3-BF4B-00C04F79EFBC}") = "CloudFileDownloader", "CloudFileDownloader\CloudFileDownloader.csproj", "{57F8851E-0D80-4BDF-B014-FD934E6C8F9C}"
EndProject
Project("{FAE04EC0-301F-11D3-BF4B-00C04F79EFBC}") = "OneDriveBrowser", "OneDriveBrowser\OneDriveBrowser.csproj", "{95E708BD-CDB6-4F1E-BCAB-33A2412E86A5}"
EndProject
Global
	GlobalSection(SolutionConfigurationPlatforms) = preSolution
		Debug|Any CPU = Debug|Any CPU
		Release|Any CPU = Release|Any CPU
	EndGlobalSection
	GlobalSection(ProjectConfigurationPlatforms) = postSolution
		{57F8851E-0D80-4BDF-B014-FD934E6C8F9C}.Debug|Any CPU.ActiveCfg = Debug|Any CPU
		{57F8851E-0D80-4BDF-B014-FD934E6C8F9C}.Debug|Any CPU.Build.0 = Debug|Any CPU
		{57F8851E-0D80-4BDF-B014-FD934E6C8F9C}.Release|Any CPU.ActiveCfg = Release|Any CPU
		{57F8851E-0D80-4BDF-B014-FD934E6C8F9C}.Release|Any CPU.Build.0 = Release|Any CPU
		{95E708BD-CDB6-4F1E-BCAB-33A2412E86A5}.Debug|Any CPU.ActiveCfg = Debug|Any CPU
		{95E708BD-CDB6-4F1E-BCAB-33A2412E86A5}.Debug|Any CPU.Build.0 = Debug|Any CPU
		{95E708BD-CDB6-4F1E-BCAB-33A2412E86A5}.Release|Any CPU.ActiveCfg = Release|Any CPU
		{95E708BD-CDB6-4F1E-BCAB-33A2412E86A5}.Release|Any CPU.Build.0 = Release|Any CPU
	EndGlobalSection
	GlobalSection(SolutionProperties) = preSolution
		HideSolutionNode = FALSE
	EndGlobalSection
	GlobalSection(ExtensibilityGlobals) = postSolution
		SolutionGuid = {8E16568B-2EFE-40AA-A170-54FD3C13A44E}
	EndGlobalSection
EndGlobal
